
Microsoft Visual Studio Solution File, Format Version 12.00
# Visual Studio Version 17
VisualStudioVersion = 17.11.35312.102
MinimumVisualStudioVersion = 10.0.40219.1
Project("{FAE04EC0-301F-11D3-BF4B-00C04F79EFBC}") = "Evaluacion", "Evaluacion.csproj", "{8FD7B98E-C777-4DEF-93C8-728274C6377E}"
EndProject
Global
	GlobalSection(SolutionConfigurationPlatforms) = preSolution
		Debug|Any CPU = Debug|Any CPU
		Release|Any CPU = Release|Any CPU
	EndGlobalSection
	GlobalSection(ProjectConfigurationPlatforms) = postSolution
		{8FD7B98E-C777-4DEF-93C8-728274C6377E}.Debug|Any CPU.ActiveCfg = Debug|Any CPU
		{8FD7B98E-C777-4DEF-93C8-728274C6377E}.Debug|Any CPU.Build.0 = Debug|Any CPU
		{8FD7B98E-C777-4DEF-93C8-728274C6377E}.Release|Any CPU.ActiveCfg = Release|Any CPU
		{8FD7B98E-C777-4DEF-93C8-728274C6377E}.Release|Any CPU.Build.0 = Release|Any CPU
	EndGlobalSection
	GlobalSection(SolutionProperties) = preSolution
		HideSolutionNode = FALSE
	EndGlobalSection
	GlobalSection(ExtensibilityGlobals) = postSolution
		SolutionGuid = {2463BEDE-01CE-4845-86C8-407FFBE0F8CA}
	EndGlobalSection
EndGlobal
